{
  "pins" : [
    {
      "identity" : "ios-training",
      "kind" : "remoteSourceControl",
      "location" : "https://github.com/yumemi-inc/ios-training.git",
      "state" : {
        "branch" : "main",
        "revision" : "34f48b231c15b0b18a4bb91639441653584c8ced"
      }
    }
  ],
  "version" : 2
}
